{
  "name": "getsitemap",
  "version": "0.2.0",
  "lockfileVersion": 1,
  "requires": true,
  "dependencies": {
    "future": {
      "version": "2.3.1",
      "resolved": "https://registry.npmjs.org/future/-/future-2.3.1.tgz",
      "integrity": "sha1-LTJ+BhHdVvrHES0FfHmcSF7CO+k="
    },
    "hittp": {
      "version": "0.2.4",
      "resolved": "https://registry.npmjs.org/hittp/-/hittp-0.2.4.tgz",
      "integrity": "sha512-BK2aTHpF56GZcrevXHwGDGK+JXZHxzBTTJCR7YPQpY0Dj9feDQ4L20uS1j+ksmIir/7x3g3q15l7v/9nF8t48w==",
      "requires": {
        "future": "^2.3.1"
      }
    },
    "sax": {
      "version": "1.2.4",
      "resolved": "https://registry.npmjs.org/sax/-/sax-1.2.4.tgz",
      "integrity": "sha512-NqVDv9TpANUjFm0N8uM5GxL36UgKi9/atZw+x7YFnQ8ckwFGKrl4xX4yWtrey3UJm5nP1kUbnYgLopqWNSRhWw=="
    }
  }
}
