{
  "name": "sitemapper",
  "version": "0.1.0",
  "lockfileVersion": 1,
  "requires": true,
  "dependencies": {
    "future": {
      "version": "2.3.1",
      "resolved": "https://registry.npmjs.org/future/-/future-2.3.1.tgz",
      "integrity": "sha1-LTJ+BhHdVvrHES0FfHmcSF7CO+k="
    },
    "hittp": {
      "version": "0.1.2",
      "resolved": "https://registry.npmjs.org/hittp/-/hittp-0.1.2.tgz",
      "integrity": "sha512-XJ0j7qgyVcWTwOQyr9/RL/ymEBp4DW5xcZmNw2KoX685JeyV8IX8Gq/eBykGuheRSG5gh55/e9DN3rp4lhFBJA==",
      "requires": {
        "future": "^2.3.1"
      }
    },
    "sax": {
      "version": "1.2.4",
      "resolved": "https://registry.npmjs.org/sax/-/sax-1.2.4.tgz",
      "integrity": "sha512-NqVDv9TpANUjFm0N8uM5GxL36UgKi9/atZw+x7YFnQ8ckwFGKrl4xX4yWtrey3UJm5nP1kUbnYgLopqWNSRhWw=="
    }
  }
}
